{
  "name": "NYC Crime Mapping",
  "lockfileVersion": 2,
  "requires": true,
  "packages": {
    "": {
      "dependencies": {
        "leaflet.gridlayer.googlemutant": "^0.13.5"
      }
    },
    "node_modules/leaflet.gridlayer.googlemutant": {
      "version": "0.13.5",
      "resolved": "https://registry.npmjs.org/leaflet.gridlayer.googlemutant/-/leaflet.gridlayer.googlemutant-0.13.5.tgz",
      "integrity": "sha512-DHUEXpo1t0WZ9tpdLUHHkrTK7LldCXr/gqkV5E/4hHidDJB2srceLLCZj4PV/pl0jPdTkVBT+Lr8nL9EZDB5hw=="
    }
  },
  "dependencies": {
    "leaflet.gridlayer.googlemutant": {
      "version": "0.13.5",
      "resolved": "https://registry.npmjs.org/leaflet.gridlayer.googlemutant/-/leaflet.gridlayer.googlemutant-0.13.5.tgz",
      "integrity": "sha512-DHUEXpo1t0WZ9tpdLUHHkrTK7LldCXr/gqkV5E/4hHidDJB2srceLLCZj4PV/pl0jPdTkVBT+Lr8nL9EZDB5hw=="
    }
  }
}
